
Microsoft Visual Studio Solution File, Format Version 12.00
# Visual Studio Version 17
VisualStudioVersion = 17.8.0.0
MinimumVisualStudioVersion = 10.0.40219.1
Project("{2150E333-8FDC-42A3-9474-1A3956D46DE8}") = "src", "src", "{35F9C120-BB94-3F10-F0F3-8A48563F291A}"
EndProject
Project("{9A19103F-16F7-4668-BE54-9A1E7A4F7556}") = "HumanFortress.Core", "src\HumanFortress.Core\HumanFortress.Core.csproj", "{5FB6A293-C649-377E-870C-0DC9F01A0F6B}"
EndProject
Project("{9A19103F-16F7-4668-BE54-9A1E7A4F7556}") = "HumanFortress.Contracts", "src\HumanFortress.Contracts\HumanFortress.Contracts.csproj", "{D5C78A38-6E6C-46C9-A2E8-1F4CFCC64C31}"
EndProject
Project("{9A19103F-16F7-4668-BE54-9A1E7A4F7556}") = "HumanFortress.Jobs", "src\HumanFortress.Jobs\HumanFortress.Jobs.csproj", "{90B9E18B-1378-4B1E-9B3B-B86A8907C738}"
EndProject
Project("{9A19103F-16F7-4668-BE54-9A1E7A4F7556}") = "HumanFortress.Simulation", "src\HumanFortress.Simulation\HumanFortress.Simulation.csproj", "{7E99F5AA-6A05-36FF-2298-7DA72C06B93C}"
EndProject
Project("{9A19103F-16F7-4668-BE54-9A1E7A4F7556}") = "HumanFortress.App", "src\HumanFortress.App\HumanFortress.App.csproj", "{94A68E70-1DD1-C72C-681D-114E444417C0}"
EndProject
Project("{2150E333-8FDC-42A3-9474-1A3956D46DE8}") = "Solution Items", "Solution Items", "{B2E1C4A0-8F3C-4D2B-9E1A-5C7D3F2A1B8E}"
	ProjectSection(SolutionItems) = preProject
		.editorconfig = .editorconfig
		src\Directory.Build.props = src\Directory.Build.props
		INDEX.md = INDEX.md
		MILESTONE.md = MILESTONE.md
		GAME_ARCHITECTURE.md = GAME_ARCHITECTURE.md
		TILE_SPEC.md = TILE_SPEC.md
	EndProjectSection
EndProject
Project("{FAE04EC0-301F-11D3-BF4B-00C04F79EFBC}") = "HumanFortress.WorldGen", "src\HumanFortress.WorldGen\HumanFortress.WorldGen.csproj", "{65C418C0-5596-4097-9639-47593CB632AA}"
EndProject
Project("{FAE04EC0-301F-11D3-BF4B-00C04F79EFBC}") = "HumanFortress.Navigation", "src\HumanFortress.Navigation\HumanFortress.Navigation.csproj", "{12CCBAEE-2692-4560-A598-5690562EACB5}"
EndProject
Project("{2150E333-8FDC-42A3-9474-1A3956D46DE8}") = "tests", "tests", "{1DC9847E-C337-477C-8825-34E07ACC6674}"
EndProject
Project("{FAE04EC0-301F-11D3-BF4B-00C04F79EFBC}") = "HumanFortress.App.Tests", "tests\HumanFortress.App.Tests\HumanFortress.App.Tests.csproj", "{DE048A29-0A36-4A01-97B4-E37465DE16DD}"
EndProject
Project("{FAE04EC0-301F-11D3-BF4B-00C04F79EFBC}") = "HumanFortress.Runtime", "src\HumanFortress.Runtime\HumanFortress.Runtime.csproj", "{F422C851-7BAD-45D7-A32B-AA3EA8A674C9}"
EndProject
Project("{FAE04EC0-301F-11D3-BF4B-00C04F79EFBC}") = "HumanFortress.Content", "src\HumanFortress.Content\HumanFortress.Content.csproj", "{7EE58F89-0083-4B2B-9479-FF8472035538}"
EndProject
Project("{2150E333-8FDC-42A3-9474-1A3956D46DE8}") = "tools", "tools", "{DF582474-B9AE-4C28-97D7-EFC0A32CFB1D}"
EndProject
Project("{FAE04EC0-301F-11D3-BF4B-00C04F79EFBC}") = "HumanFortress.Scenarios", "tools\HumanFortress.Scenarios\HumanFortress.Scenarios.csproj", "{F0552D8E-0EF7-4507-9275-62D508ED4A1D}"
EndProject
Global
	GlobalSection(SolutionConfigurationPlatforms) = preSolution
		Debug|Any CPU = Debug|Any CPU
		Debug|x64 = Debug|x64
		Debug|x86 = Debug|x86
		Release|Any CPU = Release|Any CPU
		Release|x64 = Release|x64
		Release|x86 = Release|x86
	EndGlobalSection
	GlobalSection(ProjectConfigurationPlatforms) = postSolution
		{5FB6A293-C649-377E-870C-0DC9F01A0F6B}.Debug|Any CPU.ActiveCfg = Debug|Any CPU
		{5FB6A293-C649-377E-870C-0DC9F01A0F6B}.Debug|Any CPU.Build.0 = Debug|Any CPU
		{5FB6A293-C649-377E-870C-0DC9F01A0F6B}.Debug|x64.ActiveCfg = Debug|Any CPU
		{5FB6A293-C649-377E-870C-0DC9F01A0F6B}.Debug|x64.Build.0 = Debug|Any CPU
		{5FB6A293-C649-377E-870C-0DC9F01A0F6B}.Debug|x86.ActiveCfg = Debug|Any CPU
		{5FB6A293-C649-377E-870C-0DC9F01A0F6B}.Debug|x86.Build.0 = Debug|Any CPU
		{5FB6A293-C649-377E-870C-0DC9F01A0F6B}.Release|Any CPU.ActiveCfg = Release|Any CPU
		{5FB6A293-C649-377E-870C-0DC9F01A0F6B}.Release|Any CPU.Build.0 = Release|Any CPU
		{5FB6A293-C649-377E-870C-0DC9F01A0F6B}.Release|x64.ActiveCfg = Release|Any CPU
		{5FB6A293-C649-377E-870C-0DC9F01A0F6B}.Release|x64.Build.0 = Release|Any CPU
		{5FB6A293-C649-377E-870C-0DC9F01A0F6B}.Release|x86.ActiveCfg = Release|Any CPU
		{5FB6A293-C649-377E-870C-0DC9F01A0F6B}.Release|x86.Build.0 = Release|Any CPU
		{D5C78A38-6E6C-46C9-A2E8-1F4CFCC64C31}.Debug|Any CPU.ActiveCfg = Debug|Any CPU
		{D5C78A38-6E6C-46C9-A2E8-1F4CFCC64C31}.Debug|Any CPU.Build.0 = Debug|Any CPU
		{D5C78A38-6E6C-46C9-A2E8-1F4CFCC64C31}.Debug|x64.ActiveCfg = Debug|Any CPU
		{D5C78A38-6E6C-46C9-A2E8-1F4CFCC64C31}.Debug|x64.Build.0 = Debug|Any CPU
		{D5C78A38-6E6C-46C9-A2E8-1F4CFCC64C31}.Debug|x86.ActiveCfg = Debug|Any CPU
		{D5C78A38-6E6C-46C9-A2E8-1F4CFCC64C31}.Debug|x86.Build.0 = Debug|Any CPU
		{D5C78A38-6E6C-46C9-A2E8-1F4CFCC64C31}.Release|Any CPU.ActiveCfg = Release|Any CPU
		{D5C78A38-6E6C-46C9-A2E8-1F4CFCC64C31}.Release|Any CPU.Build.0 = Release|Any CPU
		{D5C78A38-6E6C-46C9-A2E8-1F4CFCC64C31}.Release|x64.ActiveCfg = Release|Any CPU
		{D5C78A38-6E6C-46C9-A2E8-1F4CFCC64C31}.Release|x64.Build.0 = Release|Any CPU
		{D5C78A38-6E6C-46C9-A2E8-1F4CFCC64C31}.Release|x86.ActiveCfg = Release|Any CPU
		{D5C78A38-6E6C-46C9-A2E8-1F4CFCC64C31}.Release|x86.Build.0 = Release|Any CPU
		{90B9E18B-1378-4B1E-9B3B-B86A8907C738}.Debug|Any CPU.ActiveCfg = Debug|Any CPU
		{90B9E18B-1378-4B1E-9B3B-B86A8907C738}.Debug|Any CPU.Build.0 = Debug|Any CPU
		{90B9E18B-1378-4B1E-9B3B-B86A8907C738}.Debug|x64.ActiveCfg = Debug|Any CPU
		{90B9E18B-1378-4B1E-9B3B-B86A8907C738}.Debug|x64.Build.0 = Debug|Any CPU
		{90B9E18B-1378-4B1E-9B3B-B86A8907C738}.Debug|x86.ActiveCfg = Debug|Any CPU
		{90B9E18B-1378-4B1E-9B3B-B86A8907C738}.Debug|x86.Build.0 = Debug|Any CPU
		{90B9E18B-1378-4B1E-9B3B-B86A8907C738}.Release|Any CPU.ActiveCfg = Release|Any CPU
		{90B9E18B-1378-4B1E-9B3B-B86A8907C738}.Release|Any CPU.Build.0 = Release|Any CPU
		{90B9E18B-1378-4B1E-9B3B-B86A8907C738}.Release|x64.ActiveCfg = Release|Any CPU
		{90B9E18B-1378-4B1E-9B3B-B86A8907C738}.Release|x64.Build.0 = Release|Any CPU
		{90B9E18B-1378-4B1E-9B3B-B86A8907C738}.Release|x86.ActiveCfg = Release|Any CPU
		{90B9E18B-1378-4B1E-9B3B-B86A8907C738}.Release|x86.Build.0 = Release|Any CPU
		{7E99F5AA-6A05-36FF-2298-7DA72C06B93C}.Debug|Any CPU.ActiveCfg = Debug|Any CPU
		{7E99F5AA-6A05-36FF-2298-7DA72C06B93C}.Debug|Any CPU.Build.0 = Debug|Any CPU
		{7E99F5AA-6A05-36FF-2298-7DA72C06B93C}.Debug|x64.ActiveCfg = Debug|Any CPU
		{7E99F5AA-6A05-36FF-2298-7DA72C06B93C}.Debug|x64.Build.0 = Debug|Any CPU
		{7E99F5AA-6A05-36FF-2298-7DA72C06B93C}.Debug|x86.ActiveCfg = Debug|Any CPU
		{7E99F5AA-6A05-36FF-2298-7DA72C06B93C}.Debug|x86.Build.0 = Debug|Any CPU
		{7E99F5AA-6A05-36FF-2298-7DA72C06B93C}.Release|Any CPU.ActiveCfg = Release|Any CPU
		{7E99F5AA-6A05-36FF-2298-7DA72C06B93C}.Release|Any CPU.Build.0 = Release|Any CPU
		{7E99F5AA-6A05-36FF-2298-7DA72C06B93C}.Release|x64.ActiveCfg = Release|Any CPU
		{7E99F5AA-6A05-36FF-2298-7DA72C06B93C}.Release|x64.Build.0 = Release|Any CPU
		{7E99F5AA-6A05-36FF-2298-7DA72C06B93C}.Release|x86.ActiveCfg = Release|Any CPU
		{7E99F5AA-6A05-36FF-2298-7DA72C06B93C}.Release|x86.Build.0 = Release|Any CPU
		{94A68E70-1DD1-C72C-681D-114E444417C0}.Debug|Any CPU.ActiveCfg = Debug|Any CPU
		{94A68E70-1DD1-C72C-681D-114E444417C0}.Debug|Any CPU.Build.0 = Debug|Any CPU
		{94A68E70-1DD1-C72C-681D-114E444417C0}.Debug|x64.ActiveCfg = Debug|Any CPU
		{94A68E70-1DD1-C72C-681D-114E444417C0}.Debug|x64.Build.0 = Debug|Any CPU
		{94A68E70-1DD1-C72C-681D-114E444417C0}.Debug|x86.ActiveCfg = Debug|Any CPU
		{94A68E70-1DD1-C72C-681D-114E444417C0}.Debug|x86.Build.0 = Debug|Any CPU
		{94A68E70-1DD1-C72C-681D-114E444417C0}.Release|Any CPU.ActiveCfg = Release|Any CPU
		{94A68E70-1DD1-C72C-681D-114E444417C0}.Release|Any CPU.Build.0 = Release|Any CPU
		{94A68E70-1DD1-C72C-681D-114E444417C0}.Release|x64.ActiveCfg = Release|Any CPU
		{94A68E70-1DD1-C72C-681D-114E444417C0}.Release|x64.Build.0 = Release|Any CPU
		{94A68E70-1DD1-C72C-681D-114E444417C0}.Release|x86.ActiveCfg = Release|Any CPU
		{94A68E70-1DD1-C72C-681D-114E444417C0}.Release|x86.Build.0 = Release|Any CPU
		{65C418C0-5596-4097-9639-47593CB632AA}.Debug|Any CPU.ActiveCfg = Debug|Any CPU
		{65C418C0-5596-4097-9639-47593CB632AA}.Debug|Any CPU.Build.0 = Debug|Any CPU
		{65C418C0-5596-4097-9639-47593CB632AA}.Debug|x64.ActiveCfg = Debug|Any CPU
		{65C418C0-5596-4097-9639-47593CB632AA}.Debug|x64.Build.0 = Debug|Any CPU
		{65C418C0-5596-4097-9639-47593CB632AA}.Debug|x86.ActiveCfg = Debug|Any CPU
		{65C418C0-5596-4097-9639-47593CB632AA}.Debug|x86.Build.0 = Debug|Any CPU
		{65C418C0-5596-4097-9639-47593CB632AA}.Release|Any CPU.ActiveCfg = Release|Any CPU
		{65C418C0-5596-4097-9639-47593CB632AA}.Release|Any CPU.Build.0 = Release|Any CPU
		{65C418C0-5596-4097-9639-47593CB632AA}.Release|x64.ActiveCfg = Release|Any CPU
		{65C418C0-5596-4097-9639-47593CB632AA}.Release|x64.Build.0 = Release|Any CPU
		{65C418C0-5596-4097-9639-47593CB632AA}.Release|x86.ActiveCfg = Release|Any CPU
		{65C418C0-5596-4097-9639-47593CB632AA}.Release|x86.Build.0 = Release|Any CPU
		{12CCBAEE-2692-4560-A598-5690562EACB5}.Debug|Any CPU.ActiveCfg = Debug|Any CPU
		{12CCBAEE-2692-4560-A598-5690562EACB5}.Debug|Any CPU.Build.0 = Debug|Any CPU
		{12CCBAEE-2692-4560-A598-5690562EACB5}.Debug|x64.ActiveCfg = Debug|Any CPU
		{12CCBAEE-2692-4560-A598-5690562EACB5}.Debug|x64.Build.0 = Debug|Any CPU
		{12CCBAEE-2692-4560-A598-5690562EACB5}.Debug|x86.ActiveCfg = Debug|Any CPU
		{12CCBAEE-2692-4560-A598-5690562EACB5}.Debug|x86.Build.0 = Debug|Any CPU
		{12CCBAEE-2692-4560-A598-5690562EACB5}.Release|Any CPU.ActiveCfg = Release|Any CPU
		{12CCBAEE-2692-4560-A598-5690562EACB5}.Release|Any CPU.Build.0 = Release|Any CPU
		{12CCBAEE-2692-4560-A598-5690562EACB5}.Release|x64.ActiveCfg = Release|Any CPU
		{12CCBAEE-2692-4560-A598-5690562EACB5}.Release|x64.Build.0 = Release|Any CPU
		{12CCBAEE-2692-4560-A598-5690562EACB5}.Release|x86.ActiveCfg = Release|Any CPU
		{12CCBAEE-2692-4560-A598-5690562EACB5}.Release|x86.Build.0 = Release|Any CPU
		{DE048A29-0A36-4A01-97B4-E37465DE16DD}.Debug|Any CPU.ActiveCfg = Debug|Any CPU
		{DE048A29-0A36-4A01-97B4-E37465DE16DD}.Debug|Any CPU.Build.0 = Debug|Any CPU
		{DE048A29-0A36-4A01-97B4-E37465DE16DD}.Debug|x64.ActiveCfg = Debug|Any CPU
		{DE048A29-0A36-4A01-97B4-E37465DE16DD}.Debug|x64.Build.0 = Debug|Any CPU
		{DE048A29-0A36-4A01-97B4-E37465DE16DD}.Debug|x86.ActiveCfg = Debug|Any CPU
		{DE048A29-0A36-4A01-97B4-E37465DE16DD}.Debug|x86.Build.0 = Debug|Any CPU
		{DE048A29-0A36-4A01-97B4-E37465DE16DD}.Release|Any CPU.ActiveCfg = Release|Any CPU
		{DE048A29-0A36-4A01-97B4-E37465DE16DD}.Release|Any CPU.Build.0 = Release|Any CPU
		{DE048A29-0A36-4A01-97B4-E37465DE16DD}.Release|x64.ActiveCfg = Release|Any CPU
		{DE048A29-0A36-4A01-97B4-E37465DE16DD}.Release|x64.Build.0 = Release|Any CPU
		{DE048A29-0A36-4A01-97B4-E37465DE16DD}.Release|x86.ActiveCfg = Release|Any CPU
		{DE048A29-0A36-4A01-97B4-E37465DE16DD}.Release|x86.Build.0 = Release|Any CPU
		{F422C851-7BAD-45D7-A32B-AA3EA8A674C9}.Debug|Any CPU.ActiveCfg = Debug|Any CPU
		{F422C851-7BAD-45D7-A32B-AA3EA8A674C9}.Debug|Any CPU.Build.0 = Debug|Any CPU
		{F422C851-7BAD-45D7-A32B-AA3EA8A674C9}.Debug|x64.ActiveCfg = Debug|Any CPU
		{F422C851-7BAD-45D7-A32B-AA3EA8A674C9}.Debug|x64.Build.0 = Debug|Any CPU
		{F422C851-7BAD-45D7-A32B-AA3EA8A674C9}.Debug|x86.ActiveCfg = Debug|Any CPU
		{F422C851-7BAD-45D7-A32B-AA3EA8A674C9}.Debug|x86.Build.0 = Debug|Any CPU
		{F422C851-7BAD-45D7-A32B-AA3EA8A674C9}.Release|Any CPU.ActiveCfg = Release|Any CPU
		{F422C851-7BAD-45D7-A32B-AA3EA8A674C9}.Release|Any CPU.Build.0 = Release|Any CPU
		{F422C851-7BAD-45D7-A32B-AA3EA8A674C9}.Release|x64.ActiveCfg = Release|Any CPU
		{F422C851-7BAD-45D7-A32B-AA3EA8A674C9}.Release|x64.Build.0 = Release|Any CPU
		{F422C851-7BAD-45D7-A32B-AA3EA8A674C9}.Release|x86.ActiveCfg = Release|Any CPU
		{F422C851-7BAD-45D7-A32B-AA3EA8A674C9}.Release|x86.Build.0 = Release|Any CPU
		{7EE58F89-0083-4B2B-9479-FF8472035538}.Debug|Any CPU.ActiveCfg = Debug|Any CPU
		{7EE58F89-0083-4B2B-9479-FF8472035538}.Debug|Any CPU.Build.0 = Debug|Any CPU
		{7EE58F89-0083-4B2B-9479-FF8472035538}.Debug|x64.ActiveCfg = Debug|Any CPU
		{7EE58F89-0083-4B2B-9479-FF8472035538}.Debug|x64.Build.0 = Debug|Any CPU
		{7EE58F89-0083-4B2B-9479-FF8472035538}.Debug|x86.ActiveCfg = Debug|Any CPU
		{7EE58F89-0083-4B2B-9479-FF8472035538}.Debug|x86.Build.0 = Debug|Any CPU
		{7EE58F89-0083-4B2B-9479-FF8472035538}.Release|Any CPU.ActiveCfg = Release|Any CPU
		{7EE58F89-0083-4B2B-9479-FF8472035538}.Release|Any CPU.Build.0 = Release|Any CPU
		{7EE58F89-0083-4B2B-9479-FF8472035538}.Release|x64.ActiveCfg = Release|Any CPU
		{7EE58F89-0083-4B2B-9479-FF8472035538}.Release|x64.Build.0 = Release|Any CPU
		{7EE58F89-0083-4B2B-9479-FF8472035538}.Release|x86.ActiveCfg = Release|Any CPU
		{7EE58F89-0083-4B2B-9479-FF8472035538}.Release|x86.Build.0 = Release|Any CPU
		{F0552D8E-0EF7-4507-9275-62D508ED4A1D}.Debug|Any CPU.ActiveCfg = Debug|Any CPU
		{F0552D8E-0EF7-4507-9275-62D508ED4A1D}.Debug|Any CPU.Build.0 = Debug|Any CPU
		{F0552D8E-0EF7-4507-9275-62D508ED4A1D}.Debug|x64.ActiveCfg = Debug|Any CPU
		{F0552D8E-0EF7-4507-9275-62D508ED4A1D}.Debug|x64.Build.0 = Debug|Any CPU
		{F0552D8E-0EF7-4507-9275-62D508ED4A1D}.Debug|x86.ActiveCfg = Debug|Any CPU
		{F0552D8E-0EF7-4507-9275-62D508ED4A1D}.Debug|x86.Build.0 = Debug|Any CPU
		{F0552D8E-0EF7-4507-9275-62D508ED4A1D}.Release|Any CPU.ActiveCfg = Release|Any CPU
		{F0552D8E-0EF7-4507-9275-62D508ED4A1D}.Release|Any CPU.Build.0 = Release|Any CPU
		{F0552D8E-0EF7-4507-9275-62D508ED4A1D}.Release|x64.ActiveCfg = Release|Any CPU
		{F0552D8E-0EF7-4507-9275-62D508ED4A1D}.Release|x64.Build.0 = Release|Any CPU
		{F0552D8E-0EF7-4507-9275-62D508ED4A1D}.Release|x86.ActiveCfg = Release|Any CPU
		{F0552D8E-0EF7-4507-9275-62D508ED4A1D}.Release|x86.Build.0 = Release|Any CPU
	EndGlobalSection
	GlobalSection(SolutionProperties) = preSolution
		HideSolutionNode = FALSE
	EndGlobalSection
	GlobalSection(NestedProjects) = preSolution
		{5FB6A293-C649-377E-870C-0DC9F01A0F6B} = {35F9C120-BB94-3F10-F0F3-8A48563F291A}
		{D5C78A38-6E6C-46C9-A2E8-1F4CFCC64C31} = {35F9C120-BB94-3F10-F0F3-8A48563F291A}
		{90B9E18B-1378-4B1E-9B3B-B86A8907C738} = {35F9C120-BB94-3F10-F0F3-8A48563F291A}
		{7E99F5AA-6A05-36FF-2298-7DA72C06B93C} = {35F9C120-BB94-3F10-F0F3-8A48563F291A}
		{94A68E70-1DD1-C72C-681D-114E444417C0} = {35F9C120-BB94-3F10-F0F3-8A48563F291A}
		{65C418C0-5596-4097-9639-47593CB632AA} = {35F9C120-BB94-3F10-F0F3-8A48563F291A}
		{12CCBAEE-2692-4560-A598-5690562EACB5} = {35F9C120-BB94-3F10-F0F3-8A48563F291A}
		{DE048A29-0A36-4A01-97B4-E37465DE16DD} = {1DC9847E-C337-477C-8825-34E07ACC6674}
		{F422C851-7BAD-45D7-A32B-AA3EA8A674C9} = {35F9C120-BB94-3F10-F0F3-8A48563F291A}
		{7EE58F89-0083-4B2B-9479-FF8472035538} = {35F9C120-BB94-3F10-F0F3-8A48563F291A}
		{F0552D8E-0EF7-4507-9275-62D508ED4A1D} = {DF582474-B9AE-4C28-97D7-EFC0A32CFB1D}
	EndGlobalSection
	GlobalSection(ExtensibilityGlobals) = postSolution
		SolutionGuid = {85B72B1E-7FFE-4A41-A143-6BFC99E62EFC}
	EndGlobalSection
EndGlobal
